
Microsoft Visual Studio Solution File, Format Version 12.00
# Visual Studio 2012
Project("{FAE04EC0-301F-11D3-BF4B-00C04F79EFBC}") = "MisCoordenadas", "MisCoordenadas\MisCoordenadas.csproj", "{DF0776E4-414F-493E-9252-4CB2BDE565AA}"
EndProject
Global
	GlobalSection(SolutionConfigurationPlatforms) = preSolution
		Debug|Any CPU = Debug|Any CPU
		Release|Any CPU = Release|Any CPU
	EndGlobalSection
	GlobalSection(ProjectConfigurationPlatforms) = postSolution
		{DF0776E4-414F-493E-9252-4CB2BDE565AA}.Debug|Any CPU.ActiveCfg = Debug|Any CPU
		{DF0776E4-414F-493E-9252-4CB2BDE565AA}.Debug|Any CPU.Build.0 = Debug|Any CPU
		{DF0776E4-414F-493E-9252-4CB2BDE565AA}.Release|Any CPU.ActiveCfg = Release|Any CPU
		{DF0776E4-414F-493E-9252-4CB2BDE565AA}.Release|Any CPU.Build.0 = Release|Any CPU
	EndGlobalSection
	GlobalSection(SolutionProperties) = preSolution
		HideSolutionNode = FALSE
	EndGlobalSection
EndGlobal
